// !$*UTF8*$!
{
	archiveVersion = 1;
	classes = {
	};
	objectVersion = 55;
	objects = {

/* Begin PBXBuildFile section */
		A2F935C327DE6B9500DA457C /* MoonshotApp.swift in Sources */ = {isa = PBXBuildFile; fileRef = A2F935B327DE6B9400DA457C /* MoonshotApp.swift */; };
		A2F935C427DE6B9500DA457C /* MoonshotApp.swift in Sources */ = {isa = PBXBuildFile; fileRef = A2F935B327DE6B9400DA457C /* MoonshotApp.swift */; };
		A2F935C527DE6B9500DA457C /* ContentView.swift in Sources */ = {isa = PBXBuildFile; fileRef = A2F935B427DE6B9400DA457C /* ContentView.swift */; };
		A2F935C627DE6B9500DA457C /* ContentView.swift in Sources */ = {isa = PBXBuildFile; fileRef = A2F935B427DE6B9400DA457C /* ContentView.swift */; };
		A2F935C727DE6B9500DA457C /* Assets.xcassets in Resources */ = {isa = PBXBuildFile; fileRef = A2F935B527DE6B9500DA457C /* Assets.xcassets */; };
		A2F935C827DE6B9500DA457C /* Assets.xcassets in Resources */ = {isa = PBXBuildFile; fileRef = A2F935B527DE6B9500DA457C /* Assets.xcassets */; };
		A2F935D927DE765400DA457C /* missions.json in Resources */ = {isa = PBXBuildFile; fileRef = A2F935D727DE765400DA457C /* missions.json */; };
		A2F935DA27DE765400DA457C /* missions.json in Resources */ = {isa = PBXBuildFile; fileRef = A2F935D727DE765400DA457C /* missions.json */; };
		A2F935DB27DE765400DA457C /* astronauts.json in Resources */ = {isa = PBXBuildFile; fileRef = A2F935D827DE765400DA457C /* astronauts.json */; };
		A2F935DC27DE765400DA457C /* astronauts.json in Resources */ = {isa = PBXBuildFile; fileRef = A2F935D827DE765400DA457C /* astronauts.json */; };
		A2F935DE27DE76B900DA457C /* Astronaut.swift in Sources */ = {isa = PBXBuildFile; fileRef = A2F935DD27DE76B900DA457C /* Astronaut.swift */; };
		A2F935DF27DE76B900DA457C /* Astronaut.swift in Sources */ = {isa = PBXBuildFile; fileRef = A2F935DD27DE76B900DA457C /* Astronaut.swift */; };
		A2F935E127DE771000DA457C /* Bundle-Decodable.swift in Sources */ = {isa = PBXBuildFile; fileRef = A2F935E027DE771000DA457C /* Bundle-Decodable.swift */; };
		A2F935E227DE771000DA457C /* Bundle-Decodable.swift in Sources */ = {isa = PBXBuildFile; fileRef = A2F935E027DE771000DA457C /* Bundle-Decodable.swift */; };
		A2F935E427DE7A3600DA457C /* Missions.swift in Sources */ = {isa = PBXBuildFile; fileRef = A2F935E327DE7A3600DA457C /* Missions.swift */; };
		A2F935E527DE7A3600DA457C /* Missions.swift in Sources */ = {isa = PBXBuildFile; fileRef = A2F935E327DE7A3600DA457C /* Missions.swift */; };
		A2F935E727DE814E00DA457C /* Color-Theme.swift in Sources */ = {isa = PBXBuildFile; fileRef = A2F935E627DE814E00DA457C /* Color-Theme.swift */; };
		A2F935E827DE814E00DA457C /* Color-Theme.swift in Sources */ = {isa = PBXBuildFile; fileRef = A2F935E627DE814E00DA457C /* Color-Theme.swift */; };
		A2F935EA27DE894C00DA457C /* MissionView.swift in Sources */ = {isa = PBXBuildFile; fileRef = A2F935E927DE894C00DA457C /* MissionView.swift */; };
		A2F935EB27DE894C00DA457C /* MissionView.swift in Sources */ = {isa = PBXBuildFile; fileRef = A2F935E927DE894C00DA457C /* MissionView.swift */; };
/* End PBXBuildFile section */

/* Begin PBXFileReference section */
		A2F935B327DE6B9400DA457C /* MoonshotApp.swift */ = {isa = PBXFileReference; lastKnownFileType = sourcecode.swift; path = MoonshotApp.swift; sourceTree = "<group>"; };
		A2F935B427DE6B9400DA457C /* ContentView.swift */ = {isa = PBXFileReference; lastKnownFileType = sourcecode.swift; path = ContentView.swift; sourceTree = "<group>"; };
		A2F935B527DE6B9500DA457C /* Assets.xcassets */ = {isa = PBXFileReference; lastKnownFileType = folder.assetcatalog; path = Assets.xcassets; sourceTree = "<group>"; };
		A2F935BA27DE6B9500DA457C /* Moonshot.app */ = {isa = PBXFileReference; explicitFileType = wrapper.application; includeInIndex = 0; path = Moonshot.app; sourceTree = BUILT_PRODUCTS_DIR; };
		A2F935C027DE6B9500DA457C /* Moonshot.app */ = {isa = PBXFileReference; explicitFileType = wrapper.application; includeInIndex = 0; path = Moonshot.app; sourceTree = BUILT_PRODUCTS_DIR; };
		A2F935C227DE6B9500DA457C /* macOS.entitlements */ = {isa = PBXFileReference; lastKnownFileType = text.plist.entitlements; path = macOS.entitlements; sourceTree = "<group>"; };
		A2F935D727DE765400DA457C /* missions.json */ = {isa = PBXFileReference; fileEncoding = 4; lastKnownFileType = text.json; name = missions.json; path = "../../HackingWithSwift/SwiftUI/project8-files/missions.json"; sourceTree = "<group>"; };
		A2F935D827DE765400DA457C /* astronauts.json */ = {isa = PBXFileReference; fileEncoding = 4; lastKnownFileType = text.json; name = astronauts.json; path = "../../HackingWithSwift/SwiftUI/project8-files/astronauts.json"; sourceTree = "<group>"; };
		A2F935DD27DE76B900DA457C /* Astronaut.swift */ = {isa = PBXFileReference; lastKnownFileType = sourcecode.swift; path = Astronaut.swift; sourceTree = "<group>"; };
		A2F935E027DE771000DA457C /* Bundle-Decodable.swift */ = {isa = PBXFileReference; lastKnownFileType = sourcecode.swift; path = "Bundle-Decodable.swift"; sourceTree = "<group>"; };
		A2F935E327DE7A3600DA457C /* Missions.swift */ = {isa = PBXFileReference; lastKnownFileType = sourcecode.swift; path = Missions.swift; sourceTree = "<group>"; };
		A2F935E627DE814E00DA457C /* Color-Theme.swift */ = {isa = PBXFileReference; lastKnownFileType = sourcecode.swift; path = "Color-Theme.swift"; sourceTree = "<group>"; };
		A2F935E927DE894C00DA457C /* MissionView.swift */ = {isa = PBXFileReference; lastKnownFileType = sourcecode.swift; path = MissionView.swift; sourceTree = "<group>"; };
/* End PBXFileReference section */

/* Begin PBXFrameworksBuildPhase section */
		A2F935B727DE6B9500DA457C /* Frameworks */ = {
			isa = PBXFrameworksBuildPhase;
			buildActionMask = 2147483647;
			files = (
			);
			runOnlyForDeploymentPostprocessing = 0;
		};
		A2F935BD27DE6B9500DA457C /* Frameworks */ = {
			isa = PBXFrameworksBuildPhase;
			buildActionMask = 2147483647;
			files = (
			);
			runOnlyForDeploymentPostprocessing = 0;
		};
/* End PBXFrameworksBuildPhase section */

/* Begin PBXGroup section */
		A2F935AD27DE6B9400DA457C = {
			isa = PBXGroup;
			children = (
				A2F935B227DE6B9400DA457C /* Shared */,
				A2F935C127DE6B9500DA457C /* macOS */,
				A2F935BB27DE6B9500DA457C /* Products */,
			);
			sourceTree = "<group>";
		};
		A2F935B227DE6B9400DA457C /* Shared */ = {
			isa = PBXGroup;
			children = (
				A2F935B327DE6B9400DA457C /* MoonshotApp.swift */,
				A2F935B427DE6B9400DA457C /* ContentView.swift */,
				A2F935E927DE894C00DA457C /* MissionView.swift */,
				A2F935E627DE814E00DA457C /* Color-Theme.swift */,
				A2F935E327DE7A3600DA457C /* Missions.swift */,
				A2F935DD27DE76B900DA457C /* Astronaut.swift */,
				A2F935E027DE771000DA457C /* Bundle-Decodable.swift */,
				A2F935D827DE765400DA457C /* astronauts.json */,
				A2F935D727DE765400DA457C /* missions.json */,
				A2F935B527DE6B9500DA457C /* Assets.xcassets */,
			);
			path = Shared;
			sourceTree = "<group>";
		};
		A2F935BB27DE6B9500DA457C /* Products */ = {
			isa = PBXGroup;
			children = (
				A2F935BA27DE6B9500DA457C /* Moonshot.app */,
				A2F935C027DE6B9500DA457C /* Moonshot.app */,
			);
			name = Products;
			sourceTree = "<group>";
		};
		A2F935C127DE6B9500DA457C /* macOS */ = {
			isa = PBXGroup;
			children = (
				A2F935C227DE6B9500DA457C /* macOS.entitlements */,
			);
			path = macOS;
			sourceTree = "<group>";
		};
/* End PBXGroup section */

/* Begin PBXNativeTarget section */
		A2F935B927DE6B9500DA457C /* Moonshot (iOS) */ = {
			isa = PBXNativeTarget;
			buildConfigurationList = A2F935CB27DE6B9500DA457C /* Build configuration list for PBXNativeTarget "Moonshot (iOS)" */;
			buildPhases = (
				A2F935B627DE6B9500DA457C /* Sources */,
				A2F935B727DE6B9500DA457C /* Frameworks */,
				A2F935B827DE6B9500DA457C /* Resources */,
			);
			buildRules = (
			);
			dependencies = (
			);
			name = "Moonshot (iOS)";
			productName = "Moonshot (iOS)";
			productReference = A2F935BA27DE6B9500DA457C /* Moonshot.app */;
			productType = "com.apple.product-type.application";
		};
		A2F935BF27DE6B9500DA457C /* Moonshot (macOS) */ = {
			isa = PBXNativeTarget;
			buildConfigurationList = A2F935CE27DE6B9500DA457C /* Build configuration list for PBXNativeTarget "Moonshot (macOS)" */;
			buildPhases = (
				A2F935BC27DE6B9500DA457C /* Sources */,
				A2F935BD27DE6B9500DA457C /* Frameworks */,
				A2F935BE27DE6B9500DA457C /* Resources */,
			);
			buildRules = (
			);
			dependencies = (
			);
			name = "Moonshot (macOS)";
			productName = "Moonshot (macOS)";
			productReference = A2F935C027DE6B9500DA457C /* Moonshot.app */;
			productType = "com.apple.product-type.application";
		};
/* End PBXNativeTarget section */

/* Begin PBXProject section */
		A2F935AE27DE6B9400DA457C /* Project object */ = {
			isa = PBXProject;
			attributes = {
				BuildIndependentTargetsInParallel = 1;
				LastSwiftUpdateCheck = 1320;
				LastUpgradeCheck = 1320;
				TargetAttributes = {
					A2F935B927DE6B9500DA457C = {
						CreatedOnToolsVersion = 13.2.1;
					};
					A2F935BF27DE6B9500DA457C = {
						CreatedOnToolsVersion = 13.2.1;
					};
				};
			};
			buildConfigurationList = A2F935B127DE6B9400DA457C /* Build configuration list for PBXProject "Moonshot" */;
			compatibilityVersion = "Xcode 13.0";
			developmentRegion = en;
			hasScannedForEncodings = 0;
			knownRegions = (
				en,
				Base,
			);
			mainGroup = A2F935AD27DE6B9400DA457C;
			productRefGroup = A2F935BB27DE6B9500DA457C /* Products */;
			projectDirPath = "";
			projectRoot = "";
			targets = (
				A2F935B927DE6B9500DA457C /* Moonshot (iOS) */,
				A2F935BF27DE6B9500DA457C /* Moonshot (macOS) */,
			);
		};
/* End PBXProject section */

/* Begin PBXResourcesBuildPhase section */
		A2F935B827DE6B9500DA457C /* Resources */ = {
			isa = PBXResourcesBuildPhase;
			buildActionMask = 2147483647;
			files = (
				A2F935DB27DE765400DA457C /* astronauts.json in Resources */,
				A2F935D927DE765400DA457C /* missions.json in Resources */,
				A2F935C727DE6B9500DA457C /* Assets.xcassets in Resources */,
			);
			runOnlyForDeploymentPostprocessing = 0;
		};
		A2F935BE27DE6B9500DA457C /* Resources */ = {
			isa = PBXResourcesBuildPhase;
			buildActionMask = 2147483647;
			files = (
				A2F935DC27DE765400DA457C /* astronauts.json in Resources */,
				A2F935DA27DE765400DA457C /* missions.json in Resources */,
				A2F935C827DE6B9500DA457C /* Assets.xcassets in Resources */,
			);
			runOnlyForDeploymentPostprocessing = 0;
		};
/* End PBXResourcesBuildPhase section */

/* Begin PBXSourcesBuildPhase section */
		A2F935B627DE6B9500DA457C /* Sources */ = {
			isa = PBXSourcesBuildPhase;
			buildActionMask = 2147483647;
			files = (
				A2F935EA27DE894C00DA457C /* MissionView.swift in Sources */,
				A2F935DE27DE76B900DA457C /* Astronaut.swift in Sources */,
				A2F935E727DE814E00DA457C /* Color-Theme.swift in Sources */,
				A2F935C527DE6B9500DA457C /* ContentView.swift in Sources */,
				A2F935E427DE7A3600DA457C /* Missions.swift in Sources */,
				A2F935C327DE6B9500DA457C /* MoonshotApp.swift in Sources */,
				A2F935E127DE771000DA457C /* Bundle-Decodable.swift in Sources */,
			);
			runOnlyForDeploymentPostprocessing = 0;
		};
		A2F935BC27DE6B9500DA457C /* Sources */ = {
			isa = PBXSourcesBuildPhase;
			buildActionMask = 2147483647;
			files = (
				A2F935EB27DE894C00DA457C /* MissionView.swift in Sources */,
				A2F935DF27DE76B900DA457C /* Astronaut.swift in Sources */,
				A2F935E827DE814E00DA457C /* Color-Theme.swift in Sources */,
				A2F935C627DE6B9500DA457C /* ContentView.swift in Sources */,
				A2F935E527DE7A3600DA457C /* Missions.swift in Sources */,
				A2F935C427DE6B9500DA457C /* MoonshotApp.swift in Sources */,
				A2F935E227DE771000DA457C /* Bundle-Decodable.swift in Sources */,
			);
			runOnlyForDeploymentPostprocessing = 0;
		};
/* End PBXSourcesBuildPhase section */

/* Begin XCBuildConfiguration section */
		A2F935C927DE6B9500DA457C /* Debug */ = {
			isa = XCBuildConfiguration;
			buildSettings = {
				ALWAYS_SEARCH_USER_PATHS = NO;
				CLANG_ANALYZER_NONNULL = YES;
				CLANG_ANALYZER_NUMBER_OBJECT_CONVERSION = YES_AGGRESSIVE;
				CLANG_CXX_LANGUAGE_STANDARD = "gnu++17";
				CLANG_CXX_LIBRARY = "libc++";
				CLANG_ENABLE_MODULES = YES;
				CLANG_ENABLE_OBJC_ARC = YES;
				CLANG_ENABLE_OBJC_WEAK = YES;
				CLANG_WARN_BLOCK_CAPTURE_AUTORELEASING = YES;
				CLANG_WARN_BOOL_CONVERSION = YES;
				CLANG_WARN_COMMA = YES;
				CLANG_WARN_CONSTANT_CONVERSION = YES;
				CLANG_WARN_DEPRECATED_OBJC_IMPLEMENTATIONS = YES;
				CLANG_WARN_DIRECT_OBJC_ISA_USAGE = YES_ERROR;
				CLANG_WARN_DOCUMENTATION_COMMENTS = YES;
				CLANG_WARN_EMPTY_BODY = YES;
				CLANG_WARN_ENUM_CONVERSION = YES;
				CLANG_WARN_INFINITE_RECURSION = YES;
				CLANG_WARN_INT_CONVERSION = YES;
				CLANG_WARN_NON_LITERAL_NULL_CONVERSION = YES;
				CLANG_WARN_OBJC_IMPLICIT_RETAIN_SELF = YES;
				CLANG_WARN_OBJC_LITERAL_CONVERSION = YES;
				CLANG_WARN_OBJC_ROOT_CLASS = YES_ERROR;
				CLANG_WARN_QUOTED_INCLUDE_IN_FRAMEWORK_HEADER = YES;
				CLANG_WARN_RANGE_LOOP_ANALYSIS = YES;
				CLANG_WARN_STRICT_PROTOTYPES = YES;
				CLANG_WARN_SUSPICIOUS_MOVE = YES;
				CLANG_WARN_UNGUARDED_AVAILABILITY = YES_AGGRESSIVE;
				CLANG_WARN_UNREACHABLE_CODE = YES;
				CLANG_WARN__DUPLICATE_METHOD_MATCH = YES;
				COPY_PHASE_STRIP = NO;
				DEBUG_INFORMATION_FORMAT = dwarf;
				ENABLE_STRICT_OBJC_MSGSEND = YES;
				ENABLE_TESTABILITY = YES;
				GCC_C_LANGUAGE_STANDARD = gnu11;
				GCC_DYNAMIC_NO_PIC = NO;
				GCC_NO_COMMON_BLOCKS = YES;
				GCC_OPTIMIZATION_LEVEL = 0;
				GCC_PREPROCESSOR_DEFINITIONS = (
					"DEBUG=1",
					"$(inherited)",
				);
				GCC_WARN_64_TO_32_BIT_CONVERSION = YES;
				GCC_WARN_ABOUT_RETURN_TYPE = YES_ERROR;
				GCC_WARN_UNDECLARED_SELECTOR = YES;
				GCC_WARN_UNINITIALIZED_AUTOS = YES_AGGRESSIVE;
				GCC_WARN_UNUSED_FUNCTION = YES;
				GCC_WARN_UNUSED_VARIABLE = YES;
				MTL_ENABLE_DEBUG_INFO = INCLUDE_SOURCE;
				MTL_FAST_MATH = YES;
				ONLY_ACTIVE_ARCH = YES;
				SWIFT_ACTIVE_COMPILATION_CONDITIONS = DEBUG;
				SWIFT_OPTIMIZATION_LEVEL = "-Onone";
			};
			name = Debug;
		};
		A2F935CA27DE6B9500DA457C /* Release */ = {
			isa = XCBuildConfiguration;
			buildSettings = {
				ALWAYS_SEARCH_USER_PATHS = NO;
				CLANG_ANALYZER_NONNULL = YES;
				CLANG_ANALYZER_NUMBER_OBJECT_CONVERSION = YES_AGGRESSIVE;
				CLANG_CXX_LANGUAGE_STANDARD = "gnu++17";
				CLANG_CXX_LIBRARY = "libc++";
				CLANG_ENABLE_MODULES = YES;
				CLANG_ENABLE_OBJC_ARC = YES;
				CLANG_ENABLE_OBJC_WEAK = YES;
				CLANG_WARN_BLOCK_CAPTURE_AUTORELEASING = YES;
				CLANG_WARN_BOOL_CONVERSION = YES;
				CLANG_WARN_COMMA = YES;
				CLANG_WARN_CONSTANT_CONVERSION = YES;
				CLANG_WARN_DEPRECATED_OBJC_IMPLEMENTATIONS = YES;
				CLANG_WARN_DIRECT_OBJC_ISA_USAGE = YES_ERROR;
				CLANG_WARN_DOCUMENTATION_COMMENTS = YES;
				CLANG_WARN_EMPTY_BODY = YES;
				CLANG_WARN_ENUM_CONVERSION = YES;
				CLANG_WARN_INFINITE_RECURSION = YES;
				CLANG_WARN_INT_CONVERSION = YES;
				CLANG_WARN_NON_LITERAL_NULL_CONVERSION = YES;
				CLANG_WARN_OBJC_IMPLICIT_RETAIN_SELF = YES;
				CLANG_WARN_OBJC_LITERAL_CONVERSION = YES;
				CLANG_WARN_OBJC_ROOT_CLASS = YES_ERROR;
				CLANG_WARN_QUOTED_INCLUDE_IN_FRAMEWORK_HEADER = YES;
				CLANG_WARN_RANGE_LOOP_ANALYSIS = YES;
				CLANG_WARN_STRICT_PROTOTYPES = YES;
				CLANG_WARN_SUSPICIOUS_MOVE = YES;
				CLANG_WARN_UNGUARDED_AVAILABILITY = YES_AGGRESSIVE;
				CLANG_WARN_UNREACHABLE_CODE = YES;
				CLANG_WARN__DUPLICATE_METHOD_MATCH = YES;
				COPY_PHASE_STRIP = NO;
				DEBUG_INFORMATION_FORMAT = "dwarf-with-dsym";
				ENABLE_NS_ASSERTIONS = NO;
				ENABLE_STRICT_OBJC_MSGSEND = YES;
				GCC_C_LANGUAGE_STANDARD = gnu11;
				GCC_NO_COMMON_BLOCKS = YES;
				GCC_WARN_64_TO_32_BIT_CONVERSION = YES;
				GCC_WARN_ABOUT_RETURN_TYPE = YES_ERROR;
				GCC_WARN_UNDECLARED_SELECTOR = YES;
				GCC_WARN_UNINITIALIZED_AUTOS = YES_AGGRESSIVE;
				GCC_WARN_UNUSED_FUNCTION = YES;
				GCC_WARN_UNUSED_VARIABLE = YES;
				MTL_ENABLE_DEBUG_INFO = NO;
				MTL_FAST_MATH = YES;
				SWIFT_COMPILATION_MODE = wholemodule;
				SWIFT_OPTIMIZATION_LEVEL = "-O";
			};
			name = Release;
		};
		A2F935CC27DE6B9500DA457C /* Debug */ = {
			isa = XCBuildConfiguration;
			buildSettings = {
				ASSETCATALOG_COMPILER_APPICON_NAME = AppIcon;
				ASSETCATALOG_COMPILER_GLOBAL_ACCENT_COLOR_NAME = AccentColor;
				CODE_SIGN_STYLE = Automatic;
				CURRENT_PROJECT_VERSION = 1;
				DEVELOPMENT_TEAM = A57JG7J4KZ;
				ENABLE_PREVIEWS = YES;
				GENERATE_INFOPLIST_FILE = YES;
				INFOPLIST_KEY_UIApplicationSceneManifest_Generation = YES;
				INFOPLIST_KEY_UIApplicationSupportsIndirectInputEvents = YES;
				INFOPLIST_KEY_UILaunchScreen_Generation = YES;
				INFOPLIST_KEY_UISupportedInterfaceOrientations_iPad = "UIInterfaceOrientationPortrait UIInterfaceOrientationPortraitUpsideDown UIInterfaceOrientationLandscapeLeft UIInterfaceOrientationLandscapeRight";
				INFOPLIST_KEY_UISupportedInterfaceOrientations_iPhone = "UIInterfaceOrientationPortrait UIInterfaceOrientationLandscapeLeft UIInterfaceOrientationLandscapeRight";
				IPHONEOS_DEPLOYMENT_TARGET = 15.2;
				LD_RUNPATH_SEARCH_PATHS = (
					"$(inherited)",
					"@executable_path/Frameworks",
				);
				MARKETING_VERSION = 1.0;
				PRODUCT_BUNDLE_IDENTIFIER = com.teaguecole.Moonshot;
				PRODUCT_NAME = Moonshot;
				SDKROOT = iphoneos;
				SWIFT_EMIT_LOC_STRINGS = YES;
				SWIFT_VERSION = 5.0;
				TARGETED_DEVICE_FAMILY = "1,2";
			};
			name = Debug;
		};
		A2F935CD27DE6B9500DA457C /* Release */ = {
			isa = XCBuildConfiguration;
			buildSettings = {
				ASSETCATALOG_COMPILER_APPICON_NAME = AppIcon;
				ASSETCATALOG_COMPILER_GLOBAL_ACCENT_COLOR_NAME = AccentColor;
				CODE_SIGN_STYLE = Automatic;
				CURRENT_PROJECT_VERSION = 1;
				DEVELOPMENT_TEAM = A57JG7J4KZ;
				ENABLE_PREVIEWS = YES;
				GENERATE_INFOPLIST_FILE = YES;
				INFOPLIST_KEY_UIApplicationSceneManifest_Generation = YES;
				INFOPLIST_KEY_UIApplicationSupportsIndirectInputEvents = YES;
				INFOPLIST_KEY_UILaunchScreen_Generation = YES;
				INFOPLIST_KEY_UISupportedInterfaceOrientations_iPad = "UIInterfaceOrientationPortrait UIInterfaceOrientationPortraitUpsideDown UIInterfaceOrientationLandscapeLeft UIInterfaceOrientationLandscapeRight";
				INFOPLIST_KEY_UISupportedInterfaceOrientations_iPhone = "UIInterfaceOrientationPortrait UIInterfaceOrientationLandscapeLeft UIInterfaceOrientationLandscapeRight";
				IPHONEOS_DEPLOYMENT_TARGET = 15.2;
				LD_RUNPATH_SEARCH_PATHS = (
					"$(inherited)",
					"@executable_path/Frameworks",
				);
				MARKETING_VERSION = 1.0;
				PRODUCT_BUNDLE_IDENTIFIER = com.teaguecole.Moonshot;
				PRODUCT_NAME = Moonshot;
				SDKROOT = iphoneos;
				SWIFT_EMIT_LOC_STRINGS = YES;
				SWIFT_VERSION = 5.0;
				TARGETED_DEVICE_FAMILY = "1,2";
				VALIDATE_PRODUCT = YES;
			};
			name = Release;
		};
		A2F935CF27DE6B9500DA457C /* Debug */ = {
			isa = XCBuildConfiguration;
			buildSettings = {
				ASSETCATALOG_COMPILER_APPICON_NAME = AppIcon;
				ASSETCATALOG_COMPILER_GLOBAL_ACCENT_COLOR_NAME = AccentColor;
				CODE_SIGN_ENTITLEMENTS = macOS/macOS.entitlements;
				CODE_SIGN_STYLE = Automatic;
				COMBINE_HIDPI_IMAGES = YES;
				CURRENT_PROJECT_VERSION = 1;
				DEVELOPMENT_TEAM = A57JG7J4KZ;
				ENABLE_HARDENED_RUNTIME = YES;
				ENABLE_PREVIEWS = YES;
				GENERATE_INFOPLIST_FILE = YES;
				INFOPLIST_KEY_NSHumanReadableCopyright = "";
				LD_RUNPATH_SEARCH_PATHS = (
					"$(inherited)",
					"@executable_path/../Frameworks",
				);
				MACOSX_DEPLOYMENT_TARGET = 12.1;
				MARKETING_VERSION = 1.0;
				PRODUCT_BUNDLE_IDENTIFIER = com.teaguecole.Moonshot;
				PRODUCT_NAME = Moonshot;
				SDKROOT = macosx;
				SWIFT_EMIT_LOC_STRINGS = YES;
				SWIFT_VERSION = 5.0;
			};
			name = Debug;
		};
		A2F935D027DE6B9500DA457C /* Release */ = {
			isa = XCBuildConfiguration;
			buildSettings = {
				ASSETCATALOG_COMPILER_APPICON_NAME = AppIcon;
				ASSETCATALOG_COMPILER_GLOBAL_ACCENT_COLOR_NAME = AccentColor;
				CODE_SIGN_ENTITLEMENTS = macOS/macOS.entitlements;
				CODE_SIGN_STYLE = Automatic;
				COMBINE_HIDPI_IMAGES = YES;
				CURRENT_PROJECT_VERSION = 1;
				DEVELOPMENT_TEAM = A57JG7J4KZ;
				ENABLE_HARDENED_RUNTIME = YES;
				ENABLE_PREVIEWS = YES;
				GENERATE_INFOPLIST_FILE = YES;
				INFOPLIST_KEY_NSHumanReadableCopyright = "";
				LD_RUNPATH_SEARCH_PATHS = (
					"$(inherited)",
					"@executable_path/../Frameworks",
				);
				MACOSX_DEPLOYMENT_TARGET = 12.1;
				MARKETING_VERSION = 1.0;
				PRODUCT_BUNDLE_IDENTIFIER = com.teaguecole.Moonshot;
				PRODUCT_NAME = Moonshot;
				SDKROOT = macosx;
				SWIFT_EMIT_LOC_STRINGS = YES;
				SWIFT_VERSION = 5.0;
			};
			name = Release;
		};
/* End XCBuildConfiguration section */

/* Begin XCConfigurationList section */
		A2F935B127DE6B9400DA457C /* Build configuration list for PBXProject "Moonshot" */ = {
			isa = XCConfigurationList;
			buildConfigurations = (
				A2F935C927DE6B9500DA457C /* Debug */,
				A2F935CA27DE6B9500DA457C /* Release */,
			);
			defaultConfigurationIsVisible = 0;
			defaultConfigurationName = Release;
		};
		A2F935CB27DE6B9500DA457C /* Build configuration list for PBXNativeTarget "Moonshot (iOS)" */ = {
			isa = XCConfigurationList;
			buildConfigurations = (
				A2F935CC27DE6B9500DA457C /* Debug */,
				A2F935CD27DE6B9500DA457C /* Release */,
			);
			defaultConfigurationIsVisible = 0;
			defaultConfigurationName = Release;
		};
		A2F935CE27DE6B9500DA457C /* Build configuration list for PBXNativeTarget "Moonshot (macOS)" */ = {
			isa = XCConfigurationList;
			buildConfigurations = (
				A2F935CF27DE6B9500DA457C /* Debug */,
				A2F935D027DE6B9500DA457C /* Release */,
			);
			defaultConfigurationIsVisible = 0;
			defaultConfigurationName = Release;
		};
/* End XCConfigurationList section */
	};
	rootObject = A2F935AE27DE6B9400DA457C /* Project object */;
}
